
Microsoft Visual Studio Solution File, Format Version 12.00
# Visual Studio Version 17
VisualStudioVersion = 17.9.34622.214
MinimumVisualStudioVersion = 10.0.40219.1
Project("{9A19103F-16F7-4668-BE54-9A1E7A4F7556}") = "NOSRP", "SRPTest\NOSRP.csproj", "{068AEB62-DECF-44C5-8105-15E8937CE0AB}"
EndProject
Project("{9A19103F-16F7-4668-BE54-9A1E7A4F7556}") = "SRP", "SRP\SRP.csproj", "{52119023-9AD4-46E3-B925-1D3972EAB595}"
EndProject
Project("{FAE04EC0-301F-11D3-BF4B-00C04F79EFBC}") = "NOOCP", "NOOCP1\NOOCP.csproj", "{83470A38-027C-4119-8AD9-CB580446396E}"
EndProject
Global
	GlobalSection(SolutionConfigurationPlatforms) = preSolution
		Debug|Any CPU = Debug|Any CPU
		Release|Any CPU = Release|Any CPU
	EndGlobalSection
	GlobalSection(ProjectConfigurationPlatforms) = postSolution
		{068AEB62-DECF-44C5-8105-15E8937CE0AB}.Debug|Any CPU.ActiveCfg = Debug|Any CPU
		{068AEB62-DECF-44C5-8105-15E8937CE0AB}.Debug|Any CPU.Build.0 = Debug|Any CPU
		{068AEB62-DECF-44C5-8105-15E8937CE0AB}.Release|Any CPU.ActiveCfg = Release|Any CPU
		{068AEB62-DECF-44C5-8105-15E8937CE0AB}.Release|Any CPU.Build.0 = Release|Any CPU
		{52119023-9AD4-46E3-B925-1D3972EAB595}.Debug|Any CPU.ActiveCfg = Debug|Any CPU
		{52119023-9AD4-46E3-B925-1D3972EAB595}.Debug|Any CPU.Build.0 = Debug|Any CPU
		{52119023-9AD4-46E3-B925-1D3972EAB595}.Release|Any CPU.ActiveCfg = Release|Any CPU
		{52119023-9AD4-46E3-B925-1D3972EAB595}.Release|Any CPU.Build.0 = Release|Any CPU
		{83470A38-027C-4119-8AD9-CB580446396E}.Debug|Any CPU.ActiveCfg = Debug|Any CPU
		{83470A38-027C-4119-8AD9-CB580446396E}.Debug|Any CPU.Build.0 = Debug|Any CPU
		{83470A38-027C-4119-8AD9-CB580446396E}.Release|Any CPU.ActiveCfg = Release|Any CPU
		{83470A38-027C-4119-8AD9-CB580446396E}.Release|Any CPU.Build.0 = Release|Any CPU
	EndGlobalSection
	GlobalSection(SolutionProperties) = preSolution
		HideSolutionNode = FALSE
	EndGlobalSection
	GlobalSection(ExtensibilityGlobals) = postSolution
		SolutionGuid = {67EC456A-33C9-4672-B58D-C3FEE565DA9F}
	EndGlobalSection
EndGlobal
