
Microsoft Visual Studio Solution File, Format Version 12.00
# Visual Studio Version 17
VisualStudioVersion = 17.9.34622.214
MinimumVisualStudioVersion = 10.0.40219.1
Project("{9A19103F-16F7-4668-BE54-9A1E7A4F7556}") = "NOSRP", "SRPTest\NOSRP.csproj", "{068AEB62-DECF-44C5-8105-15E8937CE0AB}"
EndProject
Project("{9A19103F-16F7-4668-BE54-9A1E7A4F7556}") = "SRP", "SRP\SRP.csproj", "{52119023-9AD4-46E3-B925-1D3972EAB595}"
EndProject
Project("{9A19103F-16F7-4668-BE54-9A1E7A4F7556}") = "NOOCP", "NOOCP1\NOOCP.csproj", "{83470A38-027C-4119-8AD9-CB580446396E}"
EndProject
Project("{9A19103F-16F7-4668-BE54-9A1E7A4F7556}") = "OCP", "OCP\OCP.csproj", "{954B6F9C-8931-4371-9F33-FD0FDD60F2E2}"
EndProject
Project("{9A19103F-16F7-4668-BE54-9A1E7A4F7556}") = "NOLSP", "NOLSP\NOLSP.csproj", "{93492219-FDAF-4132-986E-794FA91D5F5F}"
EndProject
Project("{9A19103F-16F7-4668-BE54-9A1E7A4F7556}") = "LSP", "LSP\LSP.csproj", "{6B0CE23A-5DB2-494A-85A7-D7E5A0531E39}"
EndProject
Project("{9A19103F-16F7-4668-BE54-9A1E7A4F7556}") = "NOISP", "NOISP\NOISP.csproj", "{CDF88AB0-3C4A-421C-BBAF-94416F575DA2}"
EndProject
Project("{9A19103F-16F7-4668-BE54-9A1E7A4F7556}") = "ISP", "ISP\ISP.csproj", "{D478296E-738A-493E-A3DF-8EEE52221CDF}"
EndProject
Project("{9A19103F-16F7-4668-BE54-9A1E7A4F7556}") = "NODIP", "NODIP\NODIP.csproj", "{FDB5DA81-15A6-4A8C-B6E5-6FC8C7FD6139}"
EndProject
Project("{9A19103F-16F7-4668-BE54-9A1E7A4F7556}") = "DIP", "DIP\DIP.csproj", "{E34248A3-69F5-4D6F-940C-E62C339374C5}"
EndProject
Project("{2150E333-8FDC-42A3-9474-1A3956D46DE8}") = "5.D", "5.D", "{12558992-9F11-4512-AFAB-1D161152EAA4}"
EndProject
Project("{2150E333-8FDC-42A3-9474-1A3956D46DE8}") = "4.I", "4.I", "{8B233AF7-FEAE-42C6-A00D-222D78872083}"
EndProject
Project("{2150E333-8FDC-42A3-9474-1A3956D46DE8}") = "3.L", "3.L", "{1C3A741D-A5CD-49E7-A35C-C87740F26B9D}"
EndProject
Project("{2150E333-8FDC-42A3-9474-1A3956D46DE8}") = "2.O", "2.O", "{AF42E216-3549-4C05-AC69-B082764A6C8D}"
EndProject
Project("{2150E333-8FDC-42A3-9474-1A3956D46DE8}") = "1.S", "1.S", "{85B07D99-9567-4DB1-8E36-27B8506E8415}"
EndProject
Global
	GlobalSection(SolutionConfigurationPlatforms) = preSolution
		Debug|Any CPU = Debug|Any CPU
		Release|Any CPU = Release|Any CPU
	EndGlobalSection
	GlobalSection(ProjectConfigurationPlatforms) = postSolution
		{068AEB62-DECF-44C5-8105-15E8937CE0AB}.Debug|Any CPU.ActiveCfg = Debug|Any CPU
		{068AEB62-DECF-44C5-8105-15E8937CE0AB}.Debug|Any CPU.Build.0 = Debug|Any CPU
		{068AEB62-DECF-44C5-8105-15E8937CE0AB}.Release|Any CPU.ActiveCfg = Release|Any CPU
		{068AEB62-DECF-44C5-8105-15E8937CE0AB}.Release|Any CPU.Build.0 = Release|Any CPU
		{52119023-9AD4-46E3-B925-1D3972EAB595}.Debug|Any CPU.ActiveCfg = Debug|Any CPU
		{52119023-9AD4-46E3-B925-1D3972EAB595}.Debug|Any CPU.Build.0 = Debug|Any CPU
		{52119023-9AD4-46E3-B925-1D3972EAB595}.Release|Any CPU.ActiveCfg = Release|Any CPU
		{52119023-9AD4-46E3-B925-1D3972EAB595}.Release|Any CPU.Build.0 = Release|Any CPU
		{83470A38-027C-4119-8AD9-CB580446396E}.Debug|Any CPU.ActiveCfg = Debug|Any CPU
		{83470A38-027C-4119-8AD9-CB580446396E}.Debug|Any CPU.Build.0 = Debug|Any CPU
		{83470A38-027C-4119-8AD9-CB580446396E}.Release|Any CPU.ActiveCfg = Release|Any CPU
		{83470A38-027C-4119-8AD9-CB580446396E}.Release|Any CPU.Build.0 = Release|Any CPU
		{954B6F9C-8931-4371-9F33-FD0FDD60F2E2}.Debug|Any CPU.ActiveCfg = Debug|Any CPU
		{954B6F9C-8931-4371-9F33-FD0FDD60F2E2}.Debug|Any CPU.Build.0 = Debug|Any CPU
		{954B6F9C-8931-4371-9F33-FD0FDD60F2E2}.Release|Any CPU.ActiveCfg = Release|Any CPU
		{954B6F9C-8931-4371-9F33-FD0FDD60F2E2}.Release|Any CPU.Build.0 = Release|Any CPU
		{93492219-FDAF-4132-986E-794FA91D5F5F}.Debug|Any CPU.ActiveCfg = Debug|Any CPU
		{93492219-FDAF-4132-986E-794FA91D5F5F}.Debug|Any CPU.Build.0 = Debug|Any CPU
		{93492219-FDAF-4132-986E-794FA91D5F5F}.Release|Any CPU.ActiveCfg = Release|Any CPU
		{93492219-FDAF-4132-986E-794FA91D5F5F}.Release|Any CPU.Build.0 = Release|Any CPU
		{6B0CE23A-5DB2-494A-85A7-D7E5A0531E39}.Debug|Any CPU.ActiveCfg = Debug|Any CPU
		{6B0CE23A-5DB2-494A-85A7-D7E5A0531E39}.Debug|Any CPU.Build.0 = Debug|Any CPU
		{6B0CE23A-5DB2-494A-85A7-D7E5A0531E39}.Release|Any CPU.ActiveCfg = Release|Any CPU
		{6B0CE23A-5DB2-494A-85A7-D7E5A0531E39}.Release|Any CPU.Build.0 = Release|Any CPU
		{CDF88AB0-3C4A-421C-BBAF-94416F575DA2}.Debug|Any CPU.ActiveCfg = Debug|Any CPU
		{CDF88AB0-3C4A-421C-BBAF-94416F575DA2}.Debug|Any CPU.Build.0 = Debug|Any CPU
		{CDF88AB0-3C4A-421C-BBAF-94416F575DA2}.Release|Any CPU.ActiveCfg = Release|Any CPU
		{CDF88AB0-3C4A-421C-BBAF-94416F575DA2}.Release|Any CPU.Build.0 = Release|Any CPU
		{D478296E-738A-493E-A3DF-8EEE52221CDF}.Debug|Any CPU.ActiveCfg = Debug|Any CPU
		{D478296E-738A-493E-A3DF-8EEE52221CDF}.Debug|Any CPU.Build.0 = Debug|Any CPU
		{D478296E-738A-493E-A3DF-8EEE52221CDF}.Release|Any CPU.ActiveCfg = Release|Any CPU
		{D478296E-738A-493E-A3DF-8EEE52221CDF}.Release|Any CPU.Build.0 = Release|Any CPU
		{FDB5DA81-15A6-4A8C-B6E5-6FC8C7FD6139}.Debug|Any CPU.ActiveCfg = Debug|Any CPU
		{FDB5DA81-15A6-4A8C-B6E5-6FC8C7FD6139}.Debug|Any CPU.Build.0 = Debug|Any CPU
		{FDB5DA81-15A6-4A8C-B6E5-6FC8C7FD6139}.Release|Any CPU.ActiveCfg = Release|Any CPU
		{FDB5DA81-15A6-4A8C-B6E5-6FC8C7FD6139}.Release|Any CPU.Build.0 = Release|Any CPU
		{E34248A3-69F5-4D6F-940C-E62C339374C5}.Debug|Any CPU.ActiveCfg = Debug|Any CPU
		{E34248A3-69F5-4D6F-940C-E62C339374C5}.Debug|Any CPU.Build.0 = Debug|Any CPU
		{E34248A3-69F5-4D6F-940C-E62C339374C5}.Release|Any CPU.ActiveCfg = Release|Any CPU
		{E34248A3-69F5-4D6F-940C-E62C339374C5}.Release|Any CPU.Build.0 = Release|Any CPU
	EndGlobalSection
	GlobalSection(SolutionProperties) = preSolution
		HideSolutionNode = FALSE
	EndGlobalSection
	GlobalSection(NestedProjects) = preSolution
		{068AEB62-DECF-44C5-8105-15E8937CE0AB} = {85B07D99-9567-4DB1-8E36-27B8506E8415}
		{52119023-9AD4-46E3-B925-1D3972EAB595} = {85B07D99-9567-4DB1-8E36-27B8506E8415}
		{83470A38-027C-4119-8AD9-CB580446396E} = {AF42E216-3549-4C05-AC69-B082764A6C8D}
		{954B6F9C-8931-4371-9F33-FD0FDD60F2E2} = {AF42E216-3549-4C05-AC69-B082764A6C8D}
		{93492219-FDAF-4132-986E-794FA91D5F5F} = {1C3A741D-A5CD-49E7-A35C-C87740F26B9D}
		{6B0CE23A-5DB2-494A-85A7-D7E5A0531E39} = {1C3A741D-A5CD-49E7-A35C-C87740F26B9D}
		{CDF88AB0-3C4A-421C-BBAF-94416F575DA2} = {8B233AF7-FEAE-42C6-A00D-222D78872083}
		{D478296E-738A-493E-A3DF-8EEE52221CDF} = {8B233AF7-FEAE-42C6-A00D-222D78872083}
		{FDB5DA81-15A6-4A8C-B6E5-6FC8C7FD6139} = {12558992-9F11-4512-AFAB-1D161152EAA4}
		{E34248A3-69F5-4D6F-940C-E62C339374C5} = {12558992-9F11-4512-AFAB-1D161152EAA4}
	EndGlobalSection
	GlobalSection(ExtensibilityGlobals) = postSolution
		SolutionGuid = {67EC456A-33C9-4672-B58D-C3FEE565DA9F}
	EndGlobalSection
EndGlobal
